# THIS IS AN AUTOGENERATED FILE. DO NOT EDIT THIS FILE DIRECTLY.
# yarn lockfile v1


flow-bin@^0.98.1:
  version "0.98.1"
  resolved "https://registry.yarnpkg.com/flow-bin/-/flow-bin-0.98.1.tgz#a8d781621c91703df69928acc83c9777e2fcbb49"
  integrity sha512-y1YzQgbFUX4EG6h2EO8PhyJeS0VxNgER8XsTwU8IXw4KozfneSmGVgw8y3TwAOza7rVhTlHEoli1xNuNW1rhPw==

ip@^1.1.5:
  version "1.1.5"
  resolved "https://registry.yarnpkg.com/ip/-/ip-1.1.5.tgz#bdded70114290828c0a039e72ef25f5aaec4354a"
  integrity sha1-vd7XARQpCCjAoDnnLvJfWq7ENUo=

moniker@^0.1.2:
  version "0.1.2"
  resolved "https://registry.yarnpkg.com/moniker/-/moniker-0.1.2.tgz#872dfba575dcea8fa04a5135b13d5f24beccc97e"
  integrity sha1-hy37pXXc6o+gSlE1sT1fJL7MyX4=
